// !$*UTF8*$!
{
	archiveVersion = 1;
	classes = {
	};
	objectVersion = 55;
	objects = {

/* Begin PBXBuildFile section */
		C68EB61D2729FA6E00DF75BE /* TypingSpeediPhoneApp.swift in Sources */ = {isa = PBXBuildFile; fileRef = C68EB61C2729FA6E00DF75BE /* TypingSpeediPhoneApp.swift */; };
		C68EB61F2729FA6E00DF75BE /* ContentView.swift in Sources */ = {isa = PBXBuildFile; fileRef = C68EB61E2729FA6E00DF75BE /* ContentView.swift */; };
		C68EB6212729FA7200DF75BE /* Assets.xcassets in Resources */ = {isa = PBXBuildFile; fileRef = C68EB6202729FA7200DF75BE /* Assets.xcassets */; };
		C68EB6242729FA7200DF75BE /* Preview Assets.xcassets in Resources */ = {isa = PBXBuildFile; fileRef = C68EB6232729FA7200DF75BE /* Preview Assets.xcassets */; };
		C68EB62E2729FA7200DF75BE /* TypingSpeediPhoneTests.swift in Sources */ = {isa = PBXBuildFile; fileRef = C68EB62D2729FA7200DF75BE /* TypingSpeediPhoneTests.swift */; };
		C68EB6382729FA7200DF75BE /* TypingSpeediPhoneUITests.swift in Sources */ = {isa = PBXBuildFile; fileRef = C68EB6372729FA7200DF75BE /* TypingSpeediPhoneUITests.swift */; };
		C68EB63A2729FA7200DF75BE /* TypingSpeediPhoneUITestsLaunchTests.swift in Sources */ = {isa = PBXBuildFile; fileRef = C68EB6392729FA7200DF75BE /* TypingSpeediPhoneUITestsLaunchTests.swift */; };
/* End PBXBuildFile section */

/* Begin PBXContainerItemProxy section */
		C68EB62A2729FA7200DF75BE /* PBXContainerItemProxy */ = {
			isa = PBXContainerItemProxy;
			containerPortal = C68EB6112729FA6E00DF75BE /* Project object */;
			proxyType = 1;
			remoteGlobalIDString = C68EB6182729FA6E00DF75BE;
			remoteInfo = TypingSpeediPhone;
		};
		C68EB6342729FA7200DF75BE /* PBXContainerItemProxy */ = {
			isa = PBXContainerItemProxy;
			containerPortal = C68EB6112729FA6E00DF75BE /* Project object */;
			proxyType = 1;
			remoteGlobalIDString = C68EB6182729FA6E00DF75BE;
			remoteInfo = TypingSpeediPhone;
		};
/* End PBXContainerItemProxy section */

/* Begin PBXFileReference section */
		C68EB6192729FA6E00DF75BE /* TypingSpeediPhone.app */ = {isa = PBXFileReference; explicitFileType = wrapper.application; includeInIndex = 0; path = TypingSpeediPhone.app; sourceTree = BUILT_PRODUCTS_DIR; };
		C68EB61C2729FA6E00DF75BE /* TypingSpeediPhoneApp.swift */ = {isa = PBXFileReference; lastKnownFileType = sourcecode.swift; path = TypingSpeediPhoneApp.swift; sourceTree = "<group>"; };
		C68EB61E2729FA6E00DF75BE /* ContentView.swift */ = {isa = PBXFileReference; lastKnownFileType = sourcecode.swift; path = ContentView.swift; sourceTree = "<group>"; };
		C68EB6202729FA7200DF75BE /* Assets.xcassets */ = {isa = PBXFileReference; lastKnownFileType = folder.assetcatalog; path = Assets.xcassets; sourceTree = "<group>"; };
		C68EB6232729FA7200DF75BE /* Preview Assets.xcassets */ = {isa = PBXFileReference; lastKnownFileType = folder.assetcatalog; path = "Preview Assets.xcassets"; sourceTree = "<group>"; };
		C68EB6292729FA7200DF75BE /* TypingSpeediPhoneTests.xctest */ = {isa = PBXFileReference; explicitFileType = wrapper.cfbundle; includeInIndex = 0; path = TypingSpeediPhoneTests.xctest; sourceTree = BUILT_PRODUCTS_DIR; };
		C68EB62D2729FA7200DF75BE /* TypingSpeediPhoneTests.swift */ = {isa = PBXFileReference; lastKnownFileType = sourcecode.swift; path = TypingSpeediPhoneTests.swift; sourceTree = "<group>"; };
		C68EB6332729FA7200DF75BE /* TypingSpeediPhoneUITests.xctest */ = {isa = PBXFileReference; explicitFileType = wrapper.cfbundle; includeInIndex = 0; path = TypingSpeediPhoneUITests.xctest; sourceTree = BUILT_PRODUCTS_DIR; };
		C68EB6372729FA7200DF75BE /* TypingSpeediPhoneUITests.swift */ = {isa = PBXFileReference; lastKnownFileType = sourcecode.swift; path = TypingSpeediPhoneUITests.swift; sourceTree = "<group>"; };
		C68EB6392729FA7200DF75BE /* TypingSpeediPhoneUITestsLaunchTests.swift */ = {isa = PBXFileReference; lastKnownFileType = sourcecode.swift; path = TypingSpeediPhoneUITestsLaunchTests.swift; sourceTree = "<group>"; };
/* End PBXFileReference section */

/* Begin PBXFrameworksBuildPhase section */
		C68EB6162729FA6E00DF75BE /* Frameworks */ = {
			isa = PBXFrameworksBuildPhase;
			buildActionMask = 2147483647;
			files = (
			);
			runOnlyForDeploymentPostprocessing = 0;
		};
		C68EB6262729FA7200DF75BE /* Frameworks */ = {
			isa = PBXFrameworksBuildPhase;
			buildActionMask = 2147483647;
			files = (
			);
			runOnlyForDeploymentPostprocessing = 0;
		};
		C68EB6302729FA7200DF75BE /* Frameworks */ = {
			isa = PBXFrameworksBuildPhase;
			buildActionMask = 2147483647;
			files = (
			);
			runOnlyForDeploymentPostprocessing = 0;
		};
/* End PBXFrameworksBuildPhase section */

/* Begin PBXGroup section */
		C68EB6102729FA6E00DF75BE = {
			isa = PBXGroup;
			children = (
				C68EB61B2729FA6E00DF75BE /* TypingSpeediPhone */,
				C68EB62C2729FA7200DF75BE /* TypingSpeediPhoneTests */,
				C68EB6362729FA7200DF75BE /* TypingSpeediPhoneUITests */,
				C68EB61A2729FA6E00DF75BE /* Products */,
			);
			sourceTree = "<group>";
		};
		C68EB61A2729FA6E00DF75BE /* Products */ = {
			isa = PBXGroup;
			children = (
				C68EB6192729FA6E00DF75BE /* TypingSpeediPhone.app */,
				C68EB6292729FA7200DF75BE /* TypingSpeediPhoneTests.xctest */,
				C68EB6332729FA7200DF75BE /* TypingSpeediPhoneUITests.xctest */,
			);
			name = Products;
			sourceTree = "<group>";
		};
		C68EB61B2729FA6E00DF75BE /* TypingSpeediPhone */ = {
			isa = PBXGroup;
			children = (
				C68EB61C2729FA6E00DF75BE /* TypingSpeediPhoneApp.swift */,
				C68EB61E2729FA6E00DF75BE /* ContentView.swift */,
				C68EB6202729FA7200DF75BE /* Assets.xcassets */,
				C68EB6222729FA7200DF75BE /* Preview Content */,
			);
			path = TypingSpeediPhone;
			sourceTree = "<group>";
		};
		C68EB6222729FA7200DF75BE /* Preview Content */ = {
			isa = PBXGroup;
			children = (
				C68EB6232729FA7200DF75BE /* Preview Assets.xcassets */,
			);
			path = "Preview Content";
			sourceTree = "<group>";
		};
		C68EB62C2729FA7200DF75BE /* TypingSpeediPhoneTests */ = {
			isa = PBXGroup;
			children = (
				C68EB62D2729FA7200DF75BE /* TypingSpeediPhoneTests.swift */,
			);
			path = TypingSpeediPhoneTests;
			sourceTree = "<group>";
		};
		C68EB6362729FA7200DF75BE /* TypingSpeediPhoneUITests */ = {
			isa = PBXGroup;
			children = (
				C68EB6372729FA7200DF75BE /* TypingSpeediPhoneUITests.swift */,
				C68EB6392729FA7200DF75BE /* TypingSpeediPhoneUITestsLaunchTests.swift */,
			);
			path = TypingSpeediPhoneUITests;
			sourceTree = "<group>";
		};
/* End PBXGroup section */

/* Begin PBXNativeTarget section */
		C68EB6182729FA6E00DF75BE /* TypingSpeediPhone */ = {
			isa = PBXNativeTarget;
			buildConfigurationList = C68EB63D2729FA7200DF75BE /* Build configuration list for PBXNativeTarget "TypingSpeediPhone" */;
			buildPhases = (
				C68EB6152729FA6E00DF75BE /* Sources */,
				C68EB6162729FA6E00DF75BE /* Frameworks */,
				C68EB6172729FA6E00DF75BE /* Resources */,
			);
			buildRules = (
			);
			dependencies = (
			);
			name = TypingSpeediPhone;
			productName = TypingSpeediPhone;
			productReference = C68EB6192729FA6E00DF75BE /* TypingSpeediPhone.app */;
			productType = "com.apple.product-type.application";
		};
		C68EB6282729FA7200DF75BE /* TypingSpeediPhoneTests */ = {
			isa = PBXNativeTarget;
			buildConfigurationList = C68EB6402729FA7200DF75BE /* Build configuration list for PBXNativeTarget "TypingSpeediPhoneTests" */;
			buildPhases = (
				C68EB6252729FA7200DF75BE /* Sources */,
				C68EB6262729FA7200DF75BE /* Frameworks */,
				C68EB6272729FA7200DF75BE /* Resources */,
			);
			buildRules = (
			);
			dependencies = (
				C68EB62B2729FA7200DF75BE /* PBXTargetDependency */,
			);
			name = TypingSpeediPhoneTests;
			productName = TypingSpeediPhoneTests;
			productReference = C68EB6292729FA7200DF75BE /* TypingSpeediPhoneTests.xctest */;
			productType = "com.apple.product-type.bundle.unit-test";
		};
		C68EB6322729FA7200DF75BE /* TypingSpeediPhoneUITests */ = {
			isa = PBXNativeTarget;
			buildConfigurationList = C68EB6432729FA7200DF75BE /* Build configuration list for PBXNativeTarget "TypingSpeediPhoneUITests" */;
			buildPhases = (
				C68EB62F2729FA7200DF75BE /* Sources */,
				C68EB6302729FA7200DF75BE /* Frameworks */,
				C68EB6312729FA7200DF75BE /* Resources */,
			);
			buildRules = (
			);
			dependencies = (
				C68EB6352729FA7200DF75BE /* PBXTargetDependency */,
			);
			name = TypingSpeediPhoneUITests;
			productName = TypingSpeediPhoneUITests;
			productReference = C68EB6332729FA7200DF75BE /* TypingSpeediPhoneUITests.xctest */;
			productType = "com.apple.product-type.bundle.ui-testing";
		};
/* End PBXNativeTarget section */

/* Begin PBXProject section */
		C68EB6112729FA6E00DF75BE /* Project object */ = {
			isa = PBXProject;
			attributes = {
				BuildIndependentTargetsInParallel = 1;
				LastSwiftUpdateCheck = 1310;
				LastUpgradeCheck = 1310;
				TargetAttributes = {
					C68EB6182729FA6E00DF75BE = {
						CreatedOnToolsVersion = 13.1;
					};
					C68EB6282729FA7200DF75BE = {
						CreatedOnToolsVersion = 13.1;
						TestTargetID = C68EB6182729FA6E00DF75BE;
					};
					C68EB6322729FA7200DF75BE = {
						CreatedOnToolsVersion = 13.1;
						TestTargetID = C68EB6182729FA6E00DF75BE;
					};
				};
			};
			buildConfigurationList = C68EB6142729FA6E00DF75BE /* Build configuration list for PBXProject "TypingSpeediPhone" */;
			compatibilityVersion = "Xcode 13.0";
			developmentRegion = en;
			hasScannedForEncodings = 0;
			knownRegions = (
				en,
				Base,
			);
			mainGroup = C68EB6102729FA6E00DF75BE;
			productRefGroup = C68EB61A2729FA6E00DF75BE /* Products */;
			projectDirPath = "";
			projectRoot = "";
			targets = (
				C68EB6182729FA6E00DF75BE /* TypingSpeediPhone */,
				C68EB6282729FA7200DF75BE /* TypingSpeediPhoneTests */,
				C68EB6322729FA7200DF75BE /* TypingSpeediPhoneUITests */,
			);
		};
/* End PBXProject section */

/* Begin PBXResourcesBuildPhase section */
		C68EB6172729FA6E00DF75BE /* Resources */ = {
			isa = PBXResourcesBuildPhase;
			buildActionMask = 2147483647;
			files = (
				C68EB6242729FA7200DF75BE /* Preview Assets.xcassets in Resources */,
				C68EB6212729FA7200DF75BE /* Assets.xcassets in Resources */,
			);
			runOnlyForDeploymentPostprocessing = 0;
		};
		C68EB6272729FA7200DF75BE /* Resources */ = {
			isa = PBXResourcesBuildPhase;
			buildActionMask = 2147483647;
			files = (
			);
			runOnlyForDeploymentPostprocessing = 0;
		};
		C68EB6312729FA7200DF75BE /* Resources */ = {
			isa = PBXResourcesBuildPhase;
			buildActionMask = 2147483647;
			files = (
			);
			runOnlyForDeploymentPostprocessing = 0;
		};
/* End PBXResourcesBuildPhase section */

/* Begin PBXSourcesBuildPhase section */
		C68EB6152729FA6E00DF75BE /* Sources */ = {
			isa = PBXSourcesBuildPhase;
			buildActionMask = 2147483647;
			files = (
				C68EB61F2729FA6E00DF75BE /* ContentView.swift in Sources */,
				C68EB61D2729FA6E00DF75BE /* TypingSpeediPhoneApp.swift in Sources */,
			);
			runOnlyForDeploymentPostprocessing = 0;
		};
		C68EB6252729FA7200DF75BE /* Sources */ = {
			isa = PBXSourcesBuildPhase;
			buildActionMask = 2147483647;
			files = (
				C68EB62E2729FA7200DF75BE /* TypingSpeediPhoneTests.swift in Sources */,
			);
			runOnlyForDeploymentPostprocessing = 0;
		};
		C68EB62F2729FA7200DF75BE /* Sources */ = {
			isa = PBXSourcesBuildPhase;
			buildActionMask = 2147483647;
			files = (
				C68EB63A2729FA7200DF75BE /* TypingSpeediPhoneUITestsLaunchTests.swift in Sources */,
				C68EB6382729FA7200DF75BE /* TypingSpeediPhoneUITests.swift in Sources */,
			);
			runOnlyForDeploymentPostprocessing = 0;
		};
/* End PBXSourcesBuildPhase section */

/* Begin PBXTargetDependency section */
		C68EB62B2729FA7200DF75BE /* PBXTargetDependency */ = {
			isa = PBXTargetDependency;
			target = C68EB6182729FA6E00DF75BE /* TypingSpeediPhone */;
			targetProxy = C68EB62A2729FA7200DF75BE /* PBXContainerItemProxy */;
		};
		C68EB6352729FA7200DF75BE /* PBXTargetDependency */ = {
			isa = PBXTargetDependency;
			target = C68EB6182729FA6E00DF75BE /* TypingSpeediPhone */;
			targetProxy = C68EB6342729FA7200DF75BE /* PBXContainerItemProxy */;
		};
/* End PBXTargetDependency section */

/* Begin XCBuildConfiguration section */
		C68EB63B2729FA7200DF75BE /* Debug */ = {
			isa = XCBuildConfiguration;
			buildSettings = {
				ALWAYS_SEARCH_USER_PATHS = NO;
				CLANG_ANALYZER_NONNULL = YES;
				CLANG_ANALYZER_NUMBER_OBJECT_CONVERSION = YES_AGGRESSIVE;
				CLANG_CXX_LANGUAGE_STANDARD = "gnu++17";
				CLANG_CXX_LIBRARY = "libc++";
				CLANG_ENABLE_MODULES = YES;
				CLANG_ENABLE_OBJC_ARC = YES;
				CLANG_ENABLE_OBJC_WEAK = YES;
				CLANG_WARN_BLOCK_CAPTURE_AUTORELEASING = YES;
				CLANG_WARN_BOOL_CONVERSION = YES;
				CLANG_WARN_COMMA = YES;
				CLANG_WARN_CONSTANT_CONVERSION = YES;
				CLANG_WARN_DEPRECATED_OBJC_IMPLEMENTATIONS = YES;
				CLANG_WARN_DIRECT_OBJC_ISA_USAGE = YES_ERROR;
				CLANG_WARN_DOCUMENTATION_COMMENTS = YES;
				CLANG_WARN_EMPTY_BODY = YES;
				CLANG_WARN_ENUM_CONVERSION = YES;
				CLANG_WARN_INFINITE_RECURSION = YES;
				CLANG_WARN_INT_CONVERSION = YES;
				CLANG_WARN_NON_LITERAL_NULL_CONVERSION = YES;
				CLANG_WARN_OBJC_IMPLICIT_RETAIN_SELF = YES;
				CLANG_WARN_OBJC_LITERAL_CONVERSION = YES;
				CLANG_WARN_OBJC_ROOT_CLASS = YES_ERROR;
				CLANG_WARN_QUOTED_INCLUDE_IN_FRAMEWORK_HEADER = YES;
				CLANG_WARN_RANGE_LOOP_ANALYSIS = YES;
				CLANG_WARN_STRICT_PROTOTYPES = YES;
				CLANG_WARN_SUSPICIOUS_MOVE = YES;
				CLANG_WARN_UNGUARDED_AVAILABILITY = YES_AGGRESSIVE;
				CLANG_WARN_UNREACHABLE_CODE = YES;
				CLANG_WARN__DUPLICATE_METHOD_MATCH = YES;
				COPY_PHASE_STRIP = NO;
				DEBUG_INFORMATION_FORMAT = dwarf;
				ENABLE_STRICT_OBJC_MSGSEND = YES;
				ENABLE_TESTABILITY = YES;
				GCC_C_LANGUAGE_STANDARD = gnu11;
				GCC_DYNAMIC_NO_PIC = NO;
				GCC_NO_COMMON_BLOCKS = YES;
				GCC_OPTIMIZATION_LEVEL = 0;
				GCC_PREPROCESSOR_DEFINITIONS = (
					"DEBUG=1",
					"$(inherited)",
				);
				GCC_WARN_64_TO_32_BIT_CONVERSION = YES;
				GCC_WARN_ABOUT_RETURN_TYPE = YES_ERROR;
				GCC_WARN_UNDECLARED_SELECTOR = YES;
				GCC_WARN_UNINITIALIZED_AUTOS = YES_AGGRESSIVE;
				GCC_WARN_UNUSED_FUNCTION = YES;
				GCC_WARN_UNUSED_VARIABLE = YES;
				IPHONEOS_DEPLOYMENT_TARGET = 15.0;
				MTL_ENABLE_DEBUG_INFO = INCLUDE_SOURCE;
				MTL_FAST_MATH = YES;
				ONLY_ACTIVE_ARCH = YES;
				SDKROOT = iphoneos;
				SWIFT_ACTIVE_COMPILATION_CONDITIONS = DEBUG;
				SWIFT_OPTIMIZATION_LEVEL = "-Onone";
			};
			name = Debug;
		};
		C68EB63C2729FA7200DF75BE /* Release */ = {
			isa = XCBuildConfiguration;
			buildSettings = {
				ALWAYS_SEARCH_USER_PATHS = NO;
				CLANG_ANALYZER_NONNULL = YES;
				CLANG_ANALYZER_NUMBER_OBJECT_CONVERSION = YES_AGGRESSIVE;
				CLANG_CXX_LANGUAGE_STANDARD = "gnu++17";
				CLANG_CXX_LIBRARY = "libc++";
				CLANG_ENABLE_MODULES = YES;
				CLANG_ENABLE_OBJC_ARC = YES;
				CLANG_ENABLE_OBJC_WEAK = YES;
				CLANG_WARN_BLOCK_CAPTURE_AUTORELEASING = YES;
				CLANG_WARN_BOOL_CONVERSION = YES;
				CLANG_WARN_COMMA = YES;
				CLANG_WARN_CONSTANT_CONVERSION = YES;
				CLANG_WARN_DEPRECATED_OBJC_IMPLEMENTATIONS = YES;
				CLANG_WARN_DIRECT_OBJC_ISA_USAGE = YES_ERROR;
				CLANG_WARN_DOCUMENTATION_COMMENTS = YES;
				CLANG_WARN_EMPTY_BODY = YES;
				CLANG_WARN_ENUM_CONVERSION = YES;
				CLANG_WARN_INFINITE_RECURSION = YES;
				CLANG_WARN_INT_CONVERSION = YES;
				CLANG_WARN_NON_LITERAL_NULL_CONVERSION = YES;
				CLANG_WARN_OBJC_IMPLICIT_RETAIN_SELF = YES;
				CLANG_WARN_OBJC_LITERAL_CONVERSION = YES;
				CLANG_WARN_OBJC_ROOT_CLASS = YES_ERROR;
				CLANG_WARN_QUOTED_INCLUDE_IN_FRAMEWORK_HEADER = YES;
				CLANG_WARN_RANGE_LOOP_ANALYSIS = YES;
				CLANG_WARN_STRICT_PROTOTYPES = YES;
				CLANG_WARN_SUSPICIOUS_MOVE = YES;
				CLANG_WARN_UNGUARDED_AVAILABILITY = YES_AGGRESSIVE;
				CLANG_WARN_UNREACHABLE_CODE = YES;
				CLANG_WARN__DUPLICATE_METHOD_MATCH = YES;
				COPY_PHASE_STRIP = NO;
				DEBUG_INFORMATION_FORMAT = "dwarf-with-dsym";
				ENABLE_NS_ASSERTIONS = NO;
				ENABLE_STRICT_OBJC_MSGSEND = YES;
				GCC_C_LANGUAGE_STANDARD = gnu11;
				GCC_NO_COMMON_BLOCKS = YES;
				GCC_WARN_64_TO_32_BIT_CONVERSION = YES;
				GCC_WARN_ABOUT_RETURN_TYPE = YES_ERROR;
				GCC_WARN_UNDECLARED_SELECTOR = YES;
				GCC_WARN_UNINITIALIZED_AUTOS = YES_AGGRESSIVE;
				GCC_WARN_UNUSED_FUNCTION = YES;
				GCC_WARN_UNUSED_VARIABLE = YES;
				IPHONEOS_DEPLOYMENT_TARGET = 15.0;
				MTL_ENABLE_DEBUG_INFO = NO;
				MTL_FAST_MATH = YES;
				SDKROOT = iphoneos;
				SWIFT_COMPILATION_MODE = wholemodule;
				SWIFT_OPTIMIZATION_LEVEL = "-O";
				VALIDATE_PRODUCT = YES;
			};
			name = Release;
		};
		C68EB63E2729FA7200DF75BE /* Debug */ = {
			isa = XCBuildConfiguration;
			buildSettings = {
				ASSETCATALOG_COMPILER_APPICON_NAME = AppIcon;
				ASSETCATALOG_COMPILER_GLOBAL_ACCENT_COLOR_NAME = AccentColor;
				CODE_SIGN_STYLE = Automatic;
				CURRENT_PROJECT_VERSION = 1;
				DEVELOPMENT_ASSET_PATHS = "\"TypingSpeediPhone/Preview Content\"";
				DEVELOPMENT_TEAM = JKH576KQXB;
				ENABLE_PREVIEWS = YES;
				GENERATE_INFOPLIST_FILE = YES;
				INFOPLIST_KEY_UIApplicationSceneManifest_Generation = YES;
				INFOPLIST_KEY_UIApplicationSupportsIndirectInputEvents = YES;
				INFOPLIST_KEY_UILaunchScreen_Generation = YES;
				INFOPLIST_KEY_UISupportedInterfaceOrientations_iPad = "UIInterfaceOrientationPortrait UIInterfaceOrientationPortraitUpsideDown UIInterfaceOrientationLandscapeLeft UIInterfaceOrientationLandscapeRight";
				INFOPLIST_KEY_UISupportedInterfaceOrientations_iPhone = "UIInterfaceOrientationPortrait UIInterfaceOrientationLandscapeLeft UIInterfaceOrientationLandscapeRight";
				LD_RUNPATH_SEARCH_PATHS = (
					"$(inherited)",
					"@executable_path/Frameworks",
				);
				MARKETING_VERSION = 1.0;
				PRODUCT_BUNDLE_IDENTIFIER = com.misnomer.TypingSpeediPhone;
				PRODUCT_NAME = "$(TARGET_NAME)";
				SWIFT_EMIT_LOC_STRINGS = YES;
				SWIFT_VERSION = 5.0;
				TARGETED_DEVICE_FAMILY = "1,2";
			};
			name = Debug;
		};
		C68EB63F2729FA7200DF75BE /* Release */ = {
			isa = XCBuildConfiguration;
			buildSettings = {
				ASSETCATALOG_COMPILER_APPICON_NAME = AppIcon;
				ASSETCATALOG_COMPILER_GLOBAL_ACCENT_COLOR_NAME = AccentColor;
				CODE_SIGN_STYLE = Automatic;
				CURRENT_PROJECT_VERSION = 1;
				DEVELOPMENT_ASSET_PATHS = "\"TypingSpeediPhone/Preview Content\"";
				DEVELOPMENT_TEAM = JKH576KQXB;
				ENABLE_PREVIEWS = YES;
				GENERATE_INFOPLIST_FILE = YES;
				INFOPLIST_KEY_UIApplicationSceneManifest_Generation = YES;
				INFOPLIST_KEY_UIApplicationSupportsIndirectInputEvents = YES;
				INFOPLIST_KEY_UILaunchScreen_Generation = YES;
				INFOPLIST_KEY_UISupportedInterfaceOrientations_iPad = "UIInterfaceOrientationPortrait UIInterfaceOrientationPortraitUpsideDown UIInterfaceOrientationLandscapeLeft UIInterfaceOrientationLandscapeRight";
				INFOPLIST_KEY_UISupportedInterfaceOrientations_iPhone = "UIInterfaceOrientationPortrait UIInterfaceOrientationLandscapeLeft UIInterfaceOrientationLandscapeRight";
				LD_RUNPATH_SEARCH_PATHS = (
					"$(inherited)",
					"@executable_path/Frameworks",
				);
				MARKETING_VERSION = 1.0;
				PRODUCT_BUNDLE_IDENTIFIER = com.misnomer.TypingSpeediPhone;
				PRODUCT_NAME = "$(TARGET_NAME)";
				SWIFT_EMIT_LOC_STRINGS = YES;
				SWIFT_VERSION = 5.0;
				TARGETED_DEVICE_FAMILY = "1,2";
			};
			name = Release;
		};
		C68EB6412729FA7200DF75BE /* Debug */ = {
			isa = XCBuildConfiguration;
			buildSettings = {
				ALWAYS_EMBED_SWIFT_STANDARD_LIBRARIES = YES;
				BUNDLE_LOADER = "$(TEST_HOST)";
				CODE_SIGN_STYLE = Automatic;
				CURRENT_PROJECT_VERSION = 1;
				DEVELOPMENT_TEAM = JKH576KQXB;
				GENERATE_INFOPLIST_FILE = YES;
				IPHONEOS_DEPLOYMENT_TARGET = 15.0;
				LD_RUNPATH_SEARCH_PATHS = (
					"$(inherited)",
					"@executable_path/Frameworks",
					"@loader_path/Frameworks",
				);
				MARKETING_VERSION = 1.0;
				PRODUCT_BUNDLE_IDENTIFIER = com.misnomer.TypingSpeediPhoneTests;
				PRODUCT_NAME = "$(TARGET_NAME)";
				SWIFT_EMIT_LOC_STRINGS = NO;
				SWIFT_VERSION = 5.0;
				TARGETED_DEVICE_FAMILY = "1,2";
				TEST_HOST = "$(BUILT_PRODUCTS_DIR)/TypingSpeediPhone.app/TypingSpeediPhone";
			};
			name = Debug;
		};
		C68EB6422729FA7200DF75BE /* Release */ = {
			isa = XCBuildConfiguration;
			buildSettings = {
				ALWAYS_EMBED_SWIFT_STANDARD_LIBRARIES = YES;
				BUNDLE_LOADER = "$(TEST_HOST)";
				CODE_SIGN_STYLE = Automatic;
				CURRENT_PROJECT_VERSION = 1;
				DEVELOPMENT_TEAM = JKH576KQXB;
				GENERATE_INFOPLIST_FILE = YES;
				IPHONEOS_DEPLOYMENT_TARGET = 15.0;
				LD_RUNPATH_SEARCH_PATHS = (
					"$(inherited)",
					"@executable_path/Frameworks",
					"@loader_path/Frameworks",
				);
				MARKETING_VERSION = 1.0;
				PRODUCT_BUNDLE_IDENTIFIER = com.misnomer.TypingSpeediPhoneTests;
				PRODUCT_NAME = "$(TARGET_NAME)";
				SWIFT_EMIT_LOC_STRINGS = NO;
				SWIFT_VERSION = 5.0;
				TARGETED_DEVICE_FAMILY = "1,2";
				TEST_HOST = "$(BUILT_PRODUCTS_DIR)/TypingSpeediPhone.app/TypingSpeediPhone";
			};
			name = Release;
		};
		C68EB6442729FA7200DF75BE /* Debug */ = {
			isa = XCBuildConfiguration;
			buildSettings = {
				ALWAYS_EMBED_SWIFT_STANDARD_LIBRARIES = YES;
				CODE_SIGN_STYLE = Automatic;
				CURRENT_PROJECT_VERSION = 1;
				DEVELOPMENT_TEAM = JKH576KQXB;
				GENERATE_INFOPLIST_FILE = YES;
				LD_RUNPATH_SEARCH_PATHS = (
					"$(inherited)",
					"@executable_path/Frameworks",
					"@loader_path/Frameworks",
				);
				MARKETING_VERSION = 1.0;
				PRODUCT_BUNDLE_IDENTIFIER = com.misnomer.TypingSpeediPhoneUITests;
				PRODUCT_NAME = "$(TARGET_NAME)";
				SWIFT_EMIT_LOC_STRINGS = NO;
				SWIFT_VERSION = 5.0;
				TARGETED_DEVICE_FAMILY = "1,2";
				TEST_TARGET_NAME = TypingSpeediPhone;
			};
			name = Debug;
		};
		C68EB6452729FA7200DF75BE /* Release */ = {
			isa = XCBuildConfiguration;
			buildSettings = {
				ALWAYS_EMBED_SWIFT_STANDARD_LIBRARIES = YES;
				CODE_SIGN_STYLE = Automatic;
				CURRENT_PROJECT_VERSION = 1;
				DEVELOPMENT_TEAM = JKH576KQXB;
				GENERATE_INFOPLIST_FILE = YES;
				LD_RUNPATH_SEARCH_PATHS = (
					"$(inherited)",
					"@executable_path/Frameworks",
					"@loader_path/Frameworks",
				);
				MARKETING_VERSION = 1.0;
				PRODUCT_BUNDLE_IDENTIFIER = com.misnomer.TypingSpeediPhoneUITests;
				PRODUCT_NAME = "$(TARGET_NAME)";
				SWIFT_EMIT_LOC_STRINGS = NO;
				SWIFT_VERSION = 5.0;
				TARGETED_DEVICE_FAMILY = "1,2";
				TEST_TARGET_NAME = TypingSpeediPhone;
			};
			name = Release;
		};
/* End XCBuildConfiguration section */

/* Begin XCConfigurationList section */
		C68EB6142729FA6E00DF75BE /* Build configuration list for PBXProject "TypingSpeediPhone" */ = {
			isa = XCConfigurationList;
			buildConfigurations = (
				C68EB63B2729FA7200DF75BE /* Debug */,
				C68EB63C2729FA7200DF75BE /* Release */,
			);
			defaultConfigurationIsVisible = 0;
			defaultConfigurationName = Release;
		};
		C68EB63D2729FA7200DF75BE /* Build configuration list for PBXNativeTarget "TypingSpeediPhone" */ = {
			isa = XCConfigurationList;
			buildConfigurations = (
				C68EB63E2729FA7200DF75BE /* Debug */,
				C68EB63F2729FA7200DF75BE /* Release */,
			);
			defaultConfigurationIsVisible = 0;
			defaultConfigurationName = Release;
		};
		C68EB6402729FA7200DF75BE /* Build configuration list for PBXNativeTarget "TypingSpeediPhoneTests" */ = {
			isa = XCConfigurationList;
			buildConfigurations = (
				C68EB6412729FA7200DF75BE /* Debug */,
				C68EB6422729FA7200DF75BE /* Release */,
			);
			defaultConfigurationIsVisible = 0;
			defaultConfigurationName = Release;
		};
		C68EB6432729FA7200DF75BE /* Build configuration list for PBXNativeTarget "TypingSpeediPhoneUITests" */ = {
			isa = XCConfigurationList;
			buildConfigurations = (
				C68EB6442729FA7200DF75BE /* Debug */,
				C68EB6452729FA7200DF75BE /* Release */,
			);
			defaultConfigurationIsVisible = 0;
			defaultConfigurationName = Release;
		};
/* End XCConfigurationList section */
	};
	rootObject = C68EB6112729FA6E00DF75BE /* Project object */;
}
